
Microsoft Visual Studio Solution File, Format Version 12.00
# Visual Studio Version 17
VisualStudioVersion = 17.0.31903.59
MinimumVisualStudioVersion = 10.0.40219.1
Project("{2150E333-8FDC-42A3-9474-1A3956D46DE8}") = "src", "src", "{CF6EACF7-6F10-40AA-97AB-71DADF5579B0}"
EndProject
Project("{2150E333-8FDC-42A3-9474-1A3956D46DE8}") = "api", "api", "{4C8B1AB7-14CA-4024-815B-DD231D429734}"
EndProject
Project("{FAE04EC0-301F-11D3-BF4B-00C04F79EFBC}") = "AstraTerra.Api", "src\api\AstraTerra.Api\AstraTerra.Api.csproj", "{CC6354F3-8D4D-437E-873E-E1271190D1D3}"
EndProject
Global
	GlobalSection(SolutionConfigurationPlatforms) = preSolution
		Debug|Any CPU = Debug|Any CPU
		Release|Any CPU = Release|Any CPU
	EndGlobalSection
	GlobalSection(SolutionProperties) = preSolution
		HideSolutionNode = FALSE
	EndGlobalSection
	GlobalSection(ProjectConfigurationPlatforms) = postSolution
		{CC6354F3-8D4D-437E-873E-E1271190D1D3}.Debug|Any CPU.ActiveCfg = Debug|Any CPU
		{CC6354F3-8D4D-437E-873E-E1271190D1D3}.Debug|Any CPU.Build.0 = Debug|Any CPU
		{CC6354F3-8D4D-437E-873E-E1271190D1D3}.Release|Any CPU.ActiveCfg = Release|Any CPU
		{CC6354F3-8D4D-437E-873E-E1271190D1D3}.Release|Any CPU.Build.0 = Release|Any CPU
	EndGlobalSection
	GlobalSection(NestedProjects) = preSolution
		{4C8B1AB7-14CA-4024-815B-DD231D429734} = {CF6EACF7-6F10-40AA-97AB-71DADF5579B0}
		{CC6354F3-8D4D-437E-873E-E1271190D1D3} = {4C8B1AB7-14CA-4024-815B-DD231D429734}
	EndGlobalSection
EndGlobal
